
Microsoft Visual Studio Solution File, Format Version 12.00
# Visual Studio Version 16
VisualStudioVersion = 16.0.32901.82
MinimumVisualStudioVersion = 10.0.40219.1
Project("{9A19103F-16F7-4668-BE54-9A1E7A4F7556}") = "WebApplication1", "WebApplication1\WebApplication1.csproj", "{FF123DE8-B1DE-4CE9-B04B-EAE09A4C81CD}"
EndProject
Global
	GlobalSection(SolutionConfigurationPlatforms) = preSolution
		Debug|Any CPU = Debug|Any CPU
		Release|Any CPU = Release|Any CPU
	EndGlobalSection
	GlobalSection(ProjectConfigurationPlatforms) = postSolution
		{FF123DE8-B1DE-4CE9-B04B-EAE09A4C81CD}.Debug|Any CPU.ActiveCfg = Debug|Any CPU
		{FF123DE8-B1DE-4CE9-B04B-EAE09A4C81CD}.Debug|Any CPU.Build.0 = Debug|Any CPU
		{FF123DE8-B1DE-4CE9-B04B-EAE09A4C81CD}.Release|Any CPU.ActiveCfg = Release|Any CPU
		{FF123DE8-B1DE-4CE9-B04B-EAE09A4C81CD}.Release|Any CPU.Build.0 = Release|Any CPU
	EndGlobalSection
	GlobalSection(SolutionProperties) = preSolution
		HideSolutionNode = FALSE
	EndGlobalSection
	GlobalSection(ExtensibilityGlobals) = postSolution
		SolutionGuid = {72DB88A0-AC0A-4DF8-9789-C326070626FA}
	EndGlobalSection
EndGlobal
